{
  "originHash" : "68146afacb7773b55cde978d32940179503ffc68250a2dc30fbf204088fd44a7",
  "pins" : [
    {
      "identity" : "cryptoswift",
      "kind" : "remoteSourceControl",
      "location" : "https://github.com/krzyzanowskim/CryptoSwift",
      "state" : {
        "revision" : "f2a627b84c1ff96f21ac2fcb623ab36142dd5512",
        "version" : "1.10.0"
      }
    }
  ],
  "version" : 3
}
